
Microsoft Visual Studio Solution File, Format Version 12.00
# Visual Studio Version 17
VisualStudioVersion = 17.13.35825.156 d17.13
MinimumVisualStudioVersion = 10.0.40219.1
Project("{FAE04EC0-301F-11D3-BF4B-00C04F79EFBC}") = "AirlineReservationConsoleSystem_1", "AirlineReservationConsoleSystem_1.csproj", "{A2A62864-A023-4DD4-8E97-4C0DCB1FA218}"
EndProject
Global
	GlobalSection(SolutionConfigurationPlatforms) = preSolution
		Debug|Any CPU = Debug|Any CPU
		Release|Any CPU = Release|Any CPU
	EndGlobalSection
	GlobalSection(ProjectConfigurationPlatforms) = postSolution
		{A2A62864-A023-4DD4-8E97-4C0DCB1FA218}.Debug|Any CPU.ActiveCfg = Debug|Any CPU
		{A2A62864-A023-4DD4-8E97-4C0DCB1FA218}.Debug|Any CPU.Build.0 = Debug|Any CPU
		{A2A62864-A023-4DD4-8E97-4C0DCB1FA218}.Release|Any CPU.ActiveCfg = Release|Any CPU
		{A2A62864-A023-4DD4-8E97-4C0DCB1FA218}.Release|Any CPU.Build.0 = Release|Any CPU
	EndGlobalSection
	GlobalSection(SolutionProperties) = preSolution
		HideSolutionNode = FALSE
	EndGlobalSection
	GlobalSection(ExtensibilityGlobals) = postSolution
		SolutionGuid = {D1B68603-C7D6-4F9F-ACEE-0A7C6D179382}
	EndGlobalSection
EndGlobal
